// !$*UTF8*$!
{
	archiveVersion = 1;
	classes = {
	};
	objectVersion = 52;
	objects = {

/* Begin PBXBuildFile section */
		0431004C2679FFC7002E132E /* SotoS3FileTransfer in Frameworks */ = {isa = PBXBuildFile; productRef = 0431004B2679FFC7002E132E /* SotoS3FileTransfer */; };
		04310050267BD407002E132E /* NotificationsHelper.swift in Sources */ = {isa = PBXBuildFile; fileRef = 0431004F267BD407002E132E /* NotificationsHelper.swift */; };
		046E0D2B269EB7590056536F /* VolumePricingHelper.swift in Sources */ = {isa = PBXBuildFile; fileRef = 046E0D2A269EB7590056536F /* VolumePricingHelper.swift */; };
		046E75902662776F001730B2 /* InstanceTypes.swift in Sources */ = {isa = PBXBuildFile; fileRef = 046E758F2662776F001730B2 /* InstanceTypes.swift */; };
		046E759226627A79001730B2 /* InstanceTypesView.swift in Sources */ = {isa = PBXBuildFile; fileRef = 046E759126627A79001730B2 /* InstanceTypesView.swift */; };
		046E75942664DBE8001730B2 /* InstanceTypeView.swift in Sources */ = {isa = PBXBuildFile; fileRef = 046E75932664DBE8001730B2 /* InstanceTypeView.swift */; };
		046E75972664ED28001730B2 /* RegionsHelper.swift in Sources */ = {isa = PBXBuildFile; fileRef = 046E75962664ED28001730B2 /* RegionsHelper.swift */; };
		046E75992664FDA0001730B2 /* InstancePricingModel.swift in Sources */ = {isa = PBXBuildFile; fileRef = 046E75982664FDA0001730B2 /* InstancePricingModel.swift */; };
		046E759B26654C6E001730B2 /* OSModel.swift in Sources */ = {isa = PBXBuildFile; fileRef = 046E759A26654C6D001730B2 /* OSModel.swift */; };
		04828ED92666F21600CA917A /* InstanceTypesCategoriesView.swift in Sources */ = {isa = PBXBuildFile; fileRef = 04828ED82666F21600CA917A /* InstanceTypesCategoriesView.swift */; };
		049F9415265E79D3003F3235 /* Assets.xcassets in Resources */ = {isa = PBXBuildFile; fileRef = 04F4C451265D3250006A3DDE /* Assets.xcassets */; };
		049F9417265FBED5003F3235 /* S3Buckets.swift in Sources */ = {isa = PBXBuildFile; fileRef = 049F9416265FBED5003F3235 /* S3Buckets.swift */; };
		049F9419265FC43F003F3235 /* BucketsView.swift in Sources */ = {isa = PBXBuildFile; fileRef = 049F9418265FC43F003F3235 /* BucketsView.swift */; };
		049F941B265FC5F9003F3235 /* DragDropView.swift in Sources */ = {isa = PBXBuildFile; fileRef = 049F941A265FC5F9003F3235 /* DragDropView.swift */; };
		049F941D266200E0003F3235 /* S3ObjectsView.swift in Sources */ = {isa = PBXBuildFile; fileRef = 049F941C266200E0003F3235 /* S3ObjectsView.swift */; };
		049F941F26621F22003F3235 /* SpotPrice.swift in Sources */ = {isa = PBXBuildFile; fileRef = 049F941E26621F22003F3235 /* SpotPrice.swift */; };
		04F4451426C6203F0008F5A4 /* AMIViewModel.swift in Sources */ = {isa = PBXBuildFile; fileRef = 04F4451326C6203F0008F5A4 /* AMIViewModel.swift */; };
		04F4C44E265D324C006A3DDE /* AWS_ConsoleApp.swift in Sources */ = {isa = PBXBuildFile; fileRef = 04F4C44D265D324C006A3DDE /* AWS_ConsoleApp.swift */; };
		04F4C450265D324C006A3DDE /* ContentView.swift in Sources */ = {isa = PBXBuildFile; fileRef = 04F4C44F265D324C006A3DDE /* ContentView.swift */; };
		04F4C455265D3250006A3DDE /* Preview Assets.xcassets in Resources */ = {isa = PBXBuildFile; fileRef = 04F4C454265D3250006A3DDE /* Preview Assets.xcassets */; };
		04F4C461265D3250006A3DDE /* AWS_ConsoleTests.swift in Sources */ = {isa = PBXBuildFile; fileRef = 04F4C460265D3250006A3DDE /* AWS_ConsoleTests.swift */; };
		04F4C46C265D3250006A3DDE /* AWS_ConsoleUITests.swift in Sources */ = {isa = PBXBuildFile; fileRef = 04F4C46B265D3250006A3DDE /* AWS_ConsoleUITests.swift */; };
		04F4C47D265D3314006A3DDE /* Sidebar.swift in Sources */ = {isa = PBXBuildFile; fileRef = 04F4C47C265D3314006A3DDE /* Sidebar.swift */; };
		04F4C47F265D359A006A3DDE /* EC2View.swift in Sources */ = {isa = PBXBuildFile; fileRef = 04F4C47E265D359A006A3DDE /* EC2View.swift */; };
		04F4C481265D35A7006A3DDE /* EBSView.swift in Sources */ = {isa = PBXBuildFile; fileRef = 04F4C480265D35A7006A3DDE /* EBSView.swift */; };
		04F4C483265D35B3006A3DDE /* SettingsView.swift in Sources */ = {isa = PBXBuildFile; fileRef = 04F4C482265D35B3006A3DDE /* SettingsView.swift */; };
		04F4C486265E2EC8006A3DDE /* SotoS3 in Frameworks */ = {isa = PBXBuildFile; productRef = 04F4C485265E2EC8006A3DDE /* SotoS3 */; };
		04F4C488265E2EC8006A3DDE /* SotoEBS in Frameworks */ = {isa = PBXBuildFile; productRef = 04F4C487265E2EC8006A3DDE /* SotoEBS */; };
		04F4C48A265E2EC8006A3DDE /* SotoEC2 in Frameworks */ = {isa = PBXBuildFile; productRef = 04F4C489265E2EC8006A3DDE /* SotoEC2 */; };
		04F4C48C265E2EC8006A3DDE /* SotoPricing in Frameworks */ = {isa = PBXBuildFile; productRef = 04F4C48B265E2EC8006A3DDE /* SotoPricing */; };
		04F4C48E265E33F6006A3DDE /* UserPreferences.swift in Sources */ = {isa = PBXBuildFile; fileRef = 04F4C48D265E33F6006A3DDE /* UserPreferences.swift */; };
		04F4C490265E3C0D006A3DDE /* EC2Instances.swift in Sources */ = {isa = PBXBuildFile; fileRef = 04F4C48F265E3C0D006A3DDE /* EC2Instances.swift */; };
		04F4C492265E3FFF006A3DDE /* InstanceView.swift in Sources */ = {isa = PBXBuildFile; fileRef = 04F4C491265E3FFF006A3DDE /* InstanceView.swift */; };
		04F4C494265E57FF006A3DDE /* ClickToCopy.swift in Sources */ = {isa = PBXBuildFile; fileRef = 04F4C493265E57FF006A3DDE /* ClickToCopy.swift */; };
		04F4C496265E663C006A3DDE /* Constants.swift in Sources */ = {isa = PBXBuildFile; fileRef = 04F4C495265E663C006A3DDE /* Constants.swift */; };
/* End PBXBuildFile section */

/* Begin PBXContainerItemProxy section */
		04F4C45D265D3250006A3DDE /* PBXContainerItemProxy */ = {
			isa = PBXContainerItemProxy;
			containerPortal = 04F4C442265D324C006A3DDE /* Project object */;
			proxyType = 1;
			remoteGlobalIDString = 04F4C449265D324C006A3DDE;
			remoteInfo = "AWS Console";
		};
		04F4C468265D3250006A3DDE /* PBXContainerItemProxy */ = {
			isa = PBXContainerItemProxy;
			containerPortal = 04F4C442265D324C006A3DDE /* Project object */;
			proxyType = 1;
			remoteGlobalIDString = 04F4C449265D324C006A3DDE;
			remoteInfo = "AWS Console";
		};
/* End PBXContainerItemProxy section */

/* Begin PBXFileReference section */
		0431004F267BD407002E132E /* NotificationsHelper.swift */ = {isa = PBXFileReference; lastKnownFileType = sourcecode.swift; path = NotificationsHelper.swift; sourceTree = "<group>"; };
		046E0D2A269EB7590056536F /* VolumePricingHelper.swift */ = {isa = PBXFileReference; lastKnownFileType = sourcecode.swift; path = VolumePricingHelper.swift; sourceTree = "<group>"; };
		046E758F2662776F001730B2 /* InstanceTypes.swift */ = {isa = PBXFileReference; lastKnownFileType = sourcecode.swift; path = InstanceTypes.swift; sourceTree = "<group>"; };
		046E759126627A79001730B2 /* InstanceTypesView.swift */ = {isa = PBXFileReference; lastKnownFileType = sourcecode.swift; path = InstanceTypesView.swift; sourceTree = "<group>"; };
		046E75932664DBE8001730B2 /* InstanceTypeView.swift */ = {isa = PBXFileReference; lastKnownFileType = sourcecode.swift; path = InstanceTypeView.swift; sourceTree = "<group>"; };
		046E75962664ED28001730B2 /* RegionsHelper.swift */ = {isa = PBXFileReference; lastKnownFileType = sourcecode.swift; path = RegionsHelper.swift; sourceTree = "<group>"; };
		046E75982664FDA0001730B2 /* InstancePricingModel.swift */ = {isa = PBXFileReference; lastKnownFileType = sourcecode.swift; path = InstancePricingModel.swift; sourceTree = "<group>"; };
		046E759A26654C6D001730B2 /* OSModel.swift */ = {isa = PBXFileReference; lastKnownFileType = sourcecode.swift; path = OSModel.swift; sourceTree = "<group>"; };
		04828ED82666F21600CA917A /* InstanceTypesCategoriesView.swift */ = {isa = PBXFileReference; lastKnownFileType = sourcecode.swift; path = InstanceTypesCategoriesView.swift; sourceTree = "<group>"; };
		049F9416265FBED5003F3235 /* S3Buckets.swift */ = {isa = PBXFileReference; lastKnownFileType = sourcecode.swift; path = S3Buckets.swift; sourceTree = "<group>"; };
		049F9418265FC43F003F3235 /* BucketsView.swift */ = {isa = PBXFileReference; lastKnownFileType = sourcecode.swift; path = BucketsView.swift; sourceTree = "<group>"; };
		049F941A265FC5F9003F3235 /* DragDropView.swift */ = {isa = PBXFileReference; lastKnownFileType = sourcecode.swift; path = DragDropView.swift; sourceTree = "<group>"; };
		049F941C266200E0003F3235 /* S3ObjectsView.swift */ = {isa = PBXFileReference; lastKnownFileType = sourcecode.swift; path = S3ObjectsView.swift; sourceTree = "<group>"; };
		049F941E26621F22003F3235 /* SpotPrice.swift */ = {isa = PBXFileReference; lastKnownFileType = sourcecode.swift; path = SpotPrice.swift; sourceTree = "<group>"; };
		04F4451326C6203F0008F5A4 /* AMIViewModel.swift */ = {isa = PBXFileReference; lastKnownFileType = sourcecode.swift; path = AMIViewModel.swift; sourceTree = "<group>"; };
		04F4C44A265D324C006A3DDE /* AWS Console.app */ = {isa = PBXFileReference; explicitFileType = wrapper.application; includeInIndex = 0; path = "AWS Console.app"; sourceTree = BUILT_PRODUCTS_DIR; };
		04F4C44D265D324C006A3DDE /* AWS_ConsoleApp.swift */ = {isa = PBXFileReference; lastKnownFileType = sourcecode.swift; path = AWS_ConsoleApp.swift; sourceTree = "<group>"; };
		04F4C44F265D324C006A3DDE /* ContentView.swift */ = {isa = PBXFileReference; lastKnownFileType = sourcecode.swift; path = ContentView.swift; sourceTree = "<group>"; };
		04F4C451265D3250006A3DDE /* Assets.xcassets */ = {isa = PBXFileReference; lastKnownFileType = folder.assetcatalog; path = Assets.xcassets; sourceTree = "<group>"; };
		04F4C454265D3250006A3DDE /* Preview Assets.xcassets */ = {isa = PBXFileReference; lastKnownFileType = folder.assetcatalog; path = "Preview Assets.xcassets"; sourceTree = "<group>"; };
		04F4C456265D3250006A3DDE /* Info.plist */ = {isa = PBXFileReference; lastKnownFileType = text.plist.xml; path = Info.plist; sourceTree = "<group>"; };
		04F4C457265D3250006A3DDE /* AWS_Console.entitlements */ = {isa = PBXFileReference; lastKnownFileType = text.plist.entitlements; path = AWS_Console.entitlements; sourceTree = "<group>"; };
		04F4C45C265D3250006A3DDE /* AWS ConsoleTests.xctest */ = {isa = PBXFileReference; explicitFileType = wrapper.cfbundle; includeInIndex = 0; path = "AWS ConsoleTests.xctest"; sourceTree = BUILT_PRODUCTS_DIR; };
		04F4C460265D3250006A3DDE /* AWS_ConsoleTests.swift */ = {isa = PBXFileReference; lastKnownFileType = sourcecode.swift; path = AWS_ConsoleTests.swift; sourceTree = "<group>"; };
		04F4C462265D3250006A3DDE /* Info.plist */ = {isa = PBXFileReference; lastKnownFileType = text.plist.xml; path = Info.plist; sourceTree = "<group>"; };
		04F4C467265D3250006A3DDE /* AWS ConsoleUITests.xctest */ = {isa = PBXFileReference; explicitFileType = wrapper.cfbundle; includeInIndex = 0; path = "AWS ConsoleUITests.xctest"; sourceTree = BUILT_PRODUCTS_DIR; };
		04F4C46B265D3250006A3DDE /* AWS_ConsoleUITests.swift */ = {isa = PBXFileReference; lastKnownFileType = sourcecode.swift; path = AWS_ConsoleUITests.swift; sourceTree = "<group>"; };
		04F4C46D265D3250006A3DDE /* Info.plist */ = {isa = PBXFileReference; lastKnownFileType = text.plist.xml; path = Info.plist; sourceTree = "<group>"; };
		04F4C47C265D3314006A3DDE /* Sidebar.swift */ = {isa = PBXFileReference; lastKnownFileType = sourcecode.swift; path = Sidebar.swift; sourceTree = "<group>"; };
		04F4C47E265D359A006A3DDE /* EC2View.swift */ = {isa = PBXFileReference; lastKnownFileType = sourcecode.swift; path = EC2View.swift; sourceTree = "<group>"; };
		04F4C480265D35A7006A3DDE /* EBSView.swift */ = {isa = PBXFileReference; lastKnownFileType = sourcecode.swift; path = EBSView.swift; sourceTree = "<group>"; };
		04F4C482265D35B3006A3DDE /* SettingsView.swift */ = {isa = PBXFileReference; lastKnownFileType = sourcecode.swift; path = SettingsView.swift; sourceTree = "<group>"; };
		04F4C48D265E33F6006A3DDE /* UserPreferences.swift */ = {isa = PBXFileReference; lastKnownFileType = sourcecode.swift; path = UserPreferences.swift; sourceTree = "<group>"; };
		04F4C48F265E3C0D006A3DDE /* EC2Instances.swift */ = {isa = PBXFileReference; lastKnownFileType = sourcecode.swift; path = EC2Instances.swift; sourceTree = "<group>"; };
		04F4C491265E3FFF006A3DDE /* InstanceView.swift */ = {isa = PBXFileReference; lastKnownFileType = sourcecode.swift; path = InstanceView.swift; sourceTree = "<group>"; };
		04F4C493265E57FF006A3DDE /* ClickToCopy.swift */ = {isa = PBXFileReference; lastKnownFileType = sourcecode.swift; path = ClickToCopy.swift; sourceTree = "<group>"; };
		04F4C495265E663C006A3DDE /* Constants.swift */ = {isa = PBXFileReference; lastKnownFileType = sourcecode.swift; path = Constants.swift; sourceTree = "<group>"; };
/* End PBXFileReference section */

/* Begin PBXFrameworksBuildPhase section */
		04F4C447265D324C006A3DDE /* Frameworks */ = {
			isa = PBXFrameworksBuildPhase;
			buildActionMask = 2147483647;
			files = (
				04F4C48C265E2EC8006A3DDE /* SotoPricing in Frameworks */,
				04F4C48A265E2EC8006A3DDE /* SotoEC2 in Frameworks */,
				0431004C2679FFC7002E132E /* SotoS3FileTransfer in Frameworks */,
				04F4C488265E2EC8006A3DDE /* SotoEBS in Frameworks */,
				04F4C486265E2EC8006A3DDE /* SotoS3 in Frameworks */,
			);
			runOnlyForDeploymentPostprocessing = 0;
		};
		04F4C459265D3250006A3DDE /* Frameworks */ = {
			isa = PBXFrameworksBuildPhase;
			buildActionMask = 2147483647;
			files = (
			);
			runOnlyForDeploymentPostprocessing = 0;
		};
		04F4C464265D3250006A3DDE /* Frameworks */ = {
			isa = PBXFrameworksBuildPhase;
			buildActionMask = 2147483647;
			files = (
			);
			runOnlyForDeploymentPostprocessing = 0;
		};
/* End PBXFrameworksBuildPhase section */

/* Begin PBXGroup section */
		046E75952664ED15001730B2 /* Helpers */ = {
			isa = PBXGroup;
			children = (
				046E75962664ED28001730B2 /* RegionsHelper.swift */,
				0431004F267BD407002E132E /* NotificationsHelper.swift */,
				046E0D2A269EB7590056536F /* VolumePricingHelper.swift */,
			);
			path = Helpers;
			sourceTree = "<group>";
		};
		04F4C441265D324C006A3DDE = {
			isa = PBXGroup;
			children = (
				04F4C44C265D324C006A3DDE /* AWS Console */,
				04F4C45F265D3250006A3DDE /* AWS ConsoleTests */,
				04F4C46A265D3250006A3DDE /* AWS ConsoleUITests */,
				04F4C44B265D324C006A3DDE /* Products */,
			);
			sourceTree = "<group>";
		};
		04F4C44B265D324C006A3DDE /* Products */ = {
			isa = PBXGroup;
			children = (
				04F4C44A265D324C006A3DDE /* AWS Console.app */,
				04F4C45C265D3250006A3DDE /* AWS ConsoleTests.xctest */,
				04F4C467265D3250006A3DDE /* AWS ConsoleUITests.xctest */,
			);
			name = Products;
			sourceTree = "<group>";
		};
		04F4C44C265D324C006A3DDE /* AWS Console */ = {
			isa = PBXGroup;
			children = (
				046E75952664ED15001730B2 /* Helpers */,
				04F4C47B265D32D5006A3DDE /* ViewModel */,
				04F4C47A265D32CE006A3DDE /* Model */,
				04F4C479265D32B2006A3DDE /* View */,
				04F4C44D265D324C006A3DDE /* AWS_ConsoleApp.swift */,
				04F4C44F265D324C006A3DDE /* ContentView.swift */,
				04F4C451265D3250006A3DDE /* Assets.xcassets */,
				04F4C456265D3250006A3DDE /* Info.plist */,
				04F4C457265D3250006A3DDE /* AWS_Console.entitlements */,
				04F4C453265D3250006A3DDE /* Preview Content */,
			);
			path = "AWS Console";
			sourceTree = "<group>";
		};
		04F4C453265D3250006A3DDE /* Preview Content */ = {
			isa = PBXGroup;
			children = (
				04F4C454265D3250006A3DDE /* Preview Assets.xcassets */,
			);
			path = "Preview Content";
			sourceTree = "<group>";
		};
		04F4C45F265D3250006A3DDE /* AWS ConsoleTests */ = {
			isa = PBXGroup;
			children = (
				04F4C460265D3250006A3DDE /* AWS_ConsoleTests.swift */,
				04F4C462265D3250006A3DDE /* Info.plist */,
			);
			path = "AWS ConsoleTests";
			sourceTree = "<group>";
		};
		04F4C46A265D3250006A3DDE /* AWS ConsoleUITests */ = {
			isa = PBXGroup;
			children = (
				04F4C46B265D3250006A3DDE /* AWS_ConsoleUITests.swift */,
				04F4C46D265D3250006A3DDE /* Info.plist */,
			);
			path = "AWS ConsoleUITests";
			sourceTree = "<group>";
		};
		04F4C479265D32B2006A3DDE /* View */ = {
			isa = PBXGroup;
			children = (
				04F4C47C265D3314006A3DDE /* Sidebar.swift */,
				04F4C47E265D359A006A3DDE /* EC2View.swift */,
				04F4C480265D35A7006A3DDE /* EBSView.swift */,
				04F4C482265D35B3006A3DDE /* SettingsView.swift */,
				04F4C491265E3FFF006A3DDE /* InstanceView.swift */,
				04F4C493265E57FF006A3DDE /* ClickToCopy.swift */,
				049F9418265FC43F003F3235 /* BucketsView.swift */,
				049F941A265FC5F9003F3235 /* DragDropView.swift */,
				049F941C266200E0003F3235 /* S3ObjectsView.swift */,
				046E759126627A79001730B2 /* InstanceTypesView.swift */,
				046E75932664DBE8001730B2 /* InstanceTypeView.swift */,
				04828ED82666F21600CA917A /* InstanceTypesCategoriesView.swift */,
			);
			path = View;
			sourceTree = "<group>";
		};
		04F4C47A265D32CE006A3DDE /* Model */ = {
			isa = PBXGroup;
			children = (
				04F4C495265E663C006A3DDE /* Constants.swift */,
				046E75982664FDA0001730B2 /* InstancePricingModel.swift */,
				046E759A26654C6D001730B2 /* OSModel.swift */,
			);
			path = Model;
			sourceTree = "<group>";
		};
		04F4C47B265D32D5006A3DDE /* ViewModel */ = {
			isa = PBXGroup;
			children = (
				04F4C48D265E33F6006A3DDE /* UserPreferences.swift */,
				04F4C48F265E3C0D006A3DDE /* EC2Instances.swift */,
				049F9416265FBED5003F3235 /* S3Buckets.swift */,
				049F941E26621F22003F3235 /* SpotPrice.swift */,
				046E758F2662776F001730B2 /* InstanceTypes.swift */,
				04F4451326C6203F0008F5A4 /* AMIViewModel.swift */,
			);
			path = ViewModel;
			sourceTree = "<group>";
		};
/* End PBXGroup section */

/* Begin PBXNativeTarget section */
		04F4C449265D324C006A3DDE /* AWS Console */ = {
			isa = PBXNativeTarget;
			buildConfigurationList = 04F4C470265D3250006A3DDE /* Build configuration list for PBXNativeTarget "AWS Console" */;
			buildPhases = (
				04F4C446265D324C006A3DDE /* Sources */,
				04F4C447265D324C006A3DDE /* Frameworks */,
				04F4C448265D324C006A3DDE /* Resources */,
			);
			buildRules = (
			);
			dependencies = (
			);
			name = "AWS Console";
			packageProductDependencies = (
				04F4C485265E2EC8006A3DDE /* SotoS3 */,
				04F4C487265E2EC8006A3DDE /* SotoEBS */,
				04F4C489265E2EC8006A3DDE /* SotoEC2 */,
				04F4C48B265E2EC8006A3DDE /* SotoPricing */,
				0431004B2679FFC7002E132E /* SotoS3FileTransfer */,
			);
			productName = "AWS Console";
			productReference = 04F4C44A265D324C006A3DDE /* AWS Console.app */;
			productType = "com.apple.product-type.application";
		};
		04F4C45B265D3250006A3DDE /* AWS ConsoleTests */ = {
			isa = PBXNativeTarget;
			buildConfigurationList = 04F4C473265D3250006A3DDE /* Build configuration list for PBXNativeTarget "AWS ConsoleTests" */;
			buildPhases = (
				04F4C458265D3250006A3DDE /* Sources */,
				04F4C459265D3250006A3DDE /* Frameworks */,
				04F4C45A265D3250006A3DDE /* Resources */,
			);
			buildRules = (
			);
			dependencies = (
				04F4C45E265D3250006A3DDE /* PBXTargetDependency */,
			);
			name = "AWS ConsoleTests";
			productName = "AWS ConsoleTests";
			productReference = 04F4C45C265D3250006A3DDE /* AWS ConsoleTests.xctest */;
			productType = "com.apple.product-type.bundle.unit-test";
		};
		04F4C466265D3250006A3DDE /* AWS ConsoleUITests */ = {
			isa = PBXNativeTarget;
			buildConfigurationList = 04F4C476265D3250006A3DDE /* Build configuration list for PBXNativeTarget "AWS ConsoleUITests" */;
			buildPhases = (
				04F4C463265D3250006A3DDE /* Sources */,
				04F4C464265D3250006A3DDE /* Frameworks */,
				04F4C465265D3250006A3DDE /* Resources */,
			);
			buildRules = (
			);
			dependencies = (
				04F4C469265D3250006A3DDE /* PBXTargetDependency */,
			);
			name = "AWS ConsoleUITests";
			productName = "AWS ConsoleUITests";
			productReference = 04F4C467265D3250006A3DDE /* AWS ConsoleUITests.xctest */;
			productType = "com.apple.product-type.bundle.ui-testing";
		};
/* End PBXNativeTarget section */

/* Begin PBXProject section */
		04F4C442265D324C006A3DDE /* Project object */ = {
			isa = PBXProject;
			attributes = {
				LastSwiftUpdateCheck = 1250;
				LastUpgradeCheck = 1250;
				TargetAttributes = {
					04F4C449265D324C006A3DDE = {
						CreatedOnToolsVersion = 12.5;
					};
					04F4C45B265D3250006A3DDE = {
						CreatedOnToolsVersion = 12.5;
						TestTargetID = 04F4C449265D324C006A3DDE;
					};
					04F4C466265D3250006A3DDE = {
						CreatedOnToolsVersion = 12.5;
						TestTargetID = 04F4C449265D324C006A3DDE;
					};
				};
			};
			buildConfigurationList = 04F4C445265D324C006A3DDE /* Build configuration list for PBXProject "AWS Console" */;
			compatibilityVersion = "Xcode 9.3";
			developmentRegion = en;
			hasScannedForEncodings = 0;
			knownRegions = (
				en,
				Base,
			);
			mainGroup = 04F4C441265D324C006A3DDE;
			packageReferences = (
				04F4C484265E2EC8006A3DDE /* XCRemoteSwiftPackageReference "soto" */,
				0431004A2679FFC7002E132E /* XCRemoteSwiftPackageReference "soto-s3-file-transfer" */,
			);
			productRefGroup = 04F4C44B265D324C006A3DDE /* Products */;
			projectDirPath = "";
			projectRoot = "";
			targets = (
				04F4C449265D324C006A3DDE /* AWS Console */,
				04F4C45B265D3250006A3DDE /* AWS ConsoleTests */,
				04F4C466265D3250006A3DDE /* AWS ConsoleUITests */,
			);
		};
/* End PBXProject section */

/* Begin PBXResourcesBuildPhase section */
		04F4C448265D324C006A3DDE /* Resources */ = {
			isa = PBXResourcesBuildPhase;
			buildActionMask = 2147483647;
			files = (
				049F9415265E79D3003F3235 /* Assets.xcassets in Resources */,
				04F4C455265D3250006A3DDE /* Preview Assets.xcassets in Resources */,
			);
			runOnlyForDeploymentPostprocessing = 0;
		};
		04F4C45A265D3250006A3DDE /* Resources */ = {
			isa = PBXResourcesBuildPhase;
			buildActionMask = 2147483647;
			files = (
			);
			runOnlyForDeploymentPostprocessing = 0;
		};
		04F4C465265D3250006A3DDE /* Resources */ = {
			isa = PBXResourcesBuildPhase;
			buildActionMask = 2147483647;
			files = (
			);
			runOnlyForDeploymentPostprocessing = 0;
		};
/* End PBXResourcesBuildPhase section */

/* Begin PBXSourcesBuildPhase section */
		04F4C446265D324C006A3DDE /* Sources */ = {
			isa = PBXSourcesBuildPhase;
			buildActionMask = 2147483647;
			files = (
				046E0D2B269EB7590056536F /* VolumePricingHelper.swift in Sources */,
				049F941D266200E0003F3235 /* S3ObjectsView.swift in Sources */,
				049F941B265FC5F9003F3235 /* DragDropView.swift in Sources */,
				04F4C494265E57FF006A3DDE /* ClickToCopy.swift in Sources */,
				049F941F26621F22003F3235 /* SpotPrice.swift in Sources */,
				04F4C496265E663C006A3DDE /* Constants.swift in Sources */,
				04F4C450265D324C006A3DDE /* ContentView.swift in Sources */,
				04F4C48E265E33F6006A3DDE /* UserPreferences.swift in Sources */,
				046E75972664ED28001730B2 /* RegionsHelper.swift in Sources */,
				046E75992664FDA0001730B2 /* InstancePricingModel.swift in Sources */,
				046E759226627A79001730B2 /* InstanceTypesView.swift in Sources */,
				04F4C47F265D359A006A3DDE /* EC2View.swift in Sources */,
				046E75902662776F001730B2 /* InstanceTypes.swift in Sources */,
				04F4C47D265D3314006A3DDE /* Sidebar.swift in Sources */,
				049F9419265FC43F003F3235 /* BucketsView.swift in Sources */,
				04310050267BD407002E132E /* NotificationsHelper.swift in Sources */,
				04F4451426C6203F0008F5A4 /* AMIViewModel.swift in Sources */,
				046E75942664DBE8001730B2 /* InstanceTypeView.swift in Sources */,
				046E759B26654C6E001730B2 /* OSModel.swift in Sources */,
				04F4C492265E3FFF006A3DDE /* InstanceView.swift in Sources */,
				04F4C483265D35B3006A3DDE /* SettingsView.swift in Sources */,
				04F4C44E265D324C006A3DDE /* AWS_ConsoleApp.swift in Sources */,
				049F9417265FBED5003F3235 /* S3Buckets.swift in Sources */,
				04F4C481265D35A7006A3DDE /* EBSView.swift in Sources */,
				04F4C490265E3C0D006A3DDE /* EC2Instances.swift in Sources */,
				04828ED92666F21600CA917A /* InstanceTypesCategoriesView.swift in Sources */,
			);
			runOnlyForDeploymentPostprocessing = 0;
		};
		04F4C458265D3250006A3DDE /* Sources */ = {
			isa = PBXSourcesBuildPhase;
			buildActionMask = 2147483647;
			files = (
				04F4C461265D3250006A3DDE /* AWS_ConsoleTests.swift in Sources */,
			);
			runOnlyForDeploymentPostprocessing = 0;
		};
		04F4C463265D3250006A3DDE /* Sources */ = {
			isa = PBXSourcesBuildPhase;
			buildActionMask = 2147483647;
			files = (
				04F4C46C265D3250006A3DDE /* AWS_ConsoleUITests.swift in Sources */,
			);
			runOnlyForDeploymentPostprocessing = 0;
		};
/* End PBXSourcesBuildPhase section */

/* Begin PBXTargetDependency section */
		04F4C45E265D3250006A3DDE /* PBXTargetDependency */ = {
			isa = PBXTargetDependency;
			target = 04F4C449265D324C006A3DDE /* AWS Console */;
			targetProxy = 04F4C45D265D3250006A3DDE /* PBXContainerItemProxy */;
		};
		04F4C469265D3250006A3DDE /* PBXTargetDependency */ = {
			isa = PBXTargetDependency;
			target = 04F4C449265D324C006A3DDE /* AWS Console */;
			targetProxy = 04F4C468265D3250006A3DDE /* PBXContainerItemProxy */;
		};
/* End PBXTargetDependency section */

/* Begin XCBuildConfiguration section */
		04F4C46E265D3250006A3DDE /* Debug */ = {
			isa = XCBuildConfiguration;
			buildSettings = {
				ALWAYS_SEARCH_USER_PATHS = NO;
				CLANG_ANALYZER_NONNULL = YES;
				CLANG_ANALYZER_NUMBER_OBJECT_CONVERSION = YES_AGGRESSIVE;
				CLANG_CXX_LANGUAGE_STANDARD = "gnu++14";
				CLANG_CXX_LIBRARY = "libc++";
				CLANG_ENABLE_MODULES = YES;
				CLANG_ENABLE_OBJC_ARC = YES;
				CLANG_ENABLE_OBJC_WEAK = YES;
				CLANG_WARN_BLOCK_CAPTURE_AUTORELEASING = YES;
				CLANG_WARN_BOOL_CONVERSION = YES;
				CLANG_WARN_COMMA = YES;
				CLANG_WARN_CONSTANT_CONVERSION = YES;
				CLANG_WARN_DEPRECATED_OBJC_IMPLEMENTATIONS = YES;
				CLANG_WARN_DIRECT_OBJC_ISA_USAGE = YES_ERROR;
				CLANG_WARN_DOCUMENTATION_COMMENTS = YES;
				CLANG_WARN_EMPTY_BODY = YES;
				CLANG_WARN_ENUM_CONVERSION = YES;
				CLANG_WARN_INFINITE_RECURSION = YES;
				CLANG_WARN_INT_CONVERSION = YES;
				CLANG_WARN_NON_LITERAL_NULL_CONVERSION = YES;
				CLANG_WARN_OBJC_IMPLICIT_RETAIN_SELF = YES;
				CLANG_WARN_OBJC_LITERAL_CONVERSION = YES;
				CLANG_WARN_OBJC_ROOT_CLASS = YES_ERROR;
				CLANG_WARN_QUOTED_INCLUDE_IN_FRAMEWORK_HEADER = YES;
				CLANG_WARN_RANGE_LOOP_ANALYSIS = YES;
				CLANG_WARN_STRICT_PROTOTYPES = YES;
				CLANG_WARN_SUSPICIOUS_MOVE = YES;
				CLANG_WARN_UNGUARDED_AVAILABILITY = YES_AGGRESSIVE;
				CLANG_WARN_UNREACHABLE_CODE = YES;
				CLANG_WARN__DUPLICATE_METHOD_MATCH = YES;
				COPY_PHASE_STRIP = NO;
				DEBUG_INFORMATION_FORMAT = dwarf;
				ENABLE_STRICT_OBJC_MSGSEND = YES;
				ENABLE_TESTABILITY = YES;
				GCC_C_LANGUAGE_STANDARD = gnu11;
				GCC_DYNAMIC_NO_PIC = NO;
				GCC_NO_COMMON_BLOCKS = YES;
				GCC_OPTIMIZATION_LEVEL = 0;
				GCC_PREPROCESSOR_DEFINITIONS = (
					"DEBUG=1",
					"$(inherited)",
				);
				GCC_WARN_64_TO_32_BIT_CONVERSION = YES;
				GCC_WARN_ABOUT_RETURN_TYPE = YES_ERROR;
				GCC_WARN_UNDECLARED_SELECTOR = YES;
				GCC_WARN_UNINITIALIZED_AUTOS = YES_AGGRESSIVE;
				GCC_WARN_UNUSED_FUNCTION = YES;
				GCC_WARN_UNUSED_VARIABLE = YES;
				MACOSX_DEPLOYMENT_TARGET = 11.3;
				MTL_ENABLE_DEBUG_INFO = INCLUDE_SOURCE;
				MTL_FAST_MATH = YES;
				ONLY_ACTIVE_ARCH = YES;
				SDKROOT = macosx;
				SWIFT_ACTIVE_COMPILATION_CONDITIONS = DEBUG;
				SWIFT_OPTIMIZATION_LEVEL = "-Onone";
			};
			name = Debug;
		};
		04F4C46F265D3250006A3DDE /* Release */ = {
			isa = XCBuildConfiguration;
			buildSettings = {
				ALWAYS_SEARCH_USER_PATHS = NO;
				CLANG_ANALYZER_NONNULL = YES;
				CLANG_ANALYZER_NUMBER_OBJECT_CONVERSION = YES_AGGRESSIVE;
				CLANG_CXX_LANGUAGE_STANDARD = "gnu++14";
				CLANG_CXX_LIBRARY = "libc++";
				CLANG_ENABLE_MODULES = YES;
				CLANG_ENABLE_OBJC_ARC = YES;
				CLANG_ENABLE_OBJC_WEAK = YES;
				CLANG_WARN_BLOCK_CAPTURE_AUTORELEASING = YES;
				CLANG_WARN_BOOL_CONVERSION = YES;
				CLANG_WARN_COMMA = YES;
				CLANG_WARN_CONSTANT_CONVERSION = YES;
				CLANG_WARN_DEPRECATED_OBJC_IMPLEMENTATIONS = YES;
				CLANG_WARN_DIRECT_OBJC_ISA_USAGE = YES_ERROR;
				CLANG_WARN_DOCUMENTATION_COMMENTS = YES;
				CLANG_WARN_EMPTY_BODY = YES;
				CLANG_WARN_ENUM_CONVERSION = YES;
				CLANG_WARN_INFINITE_RECURSION = YES;
				CLANG_WARN_INT_CONVERSION = YES;
				CLANG_WARN_NON_LITERAL_NULL_CONVERSION = YES;
				CLANG_WARN_OBJC_IMPLICIT_RETAIN_SELF = YES;
				CLANG_WARN_OBJC_LITERAL_CONVERSION = YES;
				CLANG_WARN_OBJC_ROOT_CLASS = YES_ERROR;
				CLANG_WARN_QUOTED_INCLUDE_IN_FRAMEWORK_HEADER = YES;
				CLANG_WARN_RANGE_LOOP_ANALYSIS = YES;
				CLANG_WARN_STRICT_PROTOTYPES = YES;
				CLANG_WARN_SUSPICIOUS_MOVE = YES;
				CLANG_WARN_UNGUARDED_AVAILABILITY = YES_AGGRESSIVE;
				CLANG_WARN_UNREACHABLE_CODE = YES;
				CLANG_WARN__DUPLICATE_METHOD_MATCH = YES;
				COPY_PHASE_STRIP = NO;
				DEBUG_INFORMATION_FORMAT = "dwarf-with-dsym";
				ENABLE_NS_ASSERTIONS = NO;
				ENABLE_STRICT_OBJC_MSGSEND = YES;
				GCC_C_LANGUAGE_STANDARD = gnu11;
				GCC_NO_COMMON_BLOCKS = YES;
				GCC_WARN_64_TO_32_BIT_CONVERSION = YES;
				GCC_WARN_ABOUT_RETURN_TYPE = YES_ERROR;
				GCC_WARN_UNDECLARED_SELECTOR = YES;
				GCC_WARN_UNINITIALIZED_AUTOS = YES_AGGRESSIVE;
				GCC_WARN_UNUSED_FUNCTION = YES;
				GCC_WARN_UNUSED_VARIABLE = YES;
				MACOSX_DEPLOYMENT_TARGET = 11.3;
				MTL_ENABLE_DEBUG_INFO = NO;
				MTL_FAST_MATH = YES;
				SDKROOT = macosx;
				SWIFT_COMPILATION_MODE = wholemodule;
				SWIFT_OPTIMIZATION_LEVEL = "-O";
			};
			name = Release;
		};
		04F4C471265D3250006A3DDE /* Debug */ = {
			isa = XCBuildConfiguration;
			buildSettings = {
				ASSETCATALOG_COMPILER_APPICON_NAME = AppIcon;
				ASSETCATALOG_COMPILER_GLOBAL_ACCENT_COLOR_NAME = AccentColor;
				CODE_SIGN_ENTITLEMENTS = "AWS Console/AWS_Console.entitlements";
				CODE_SIGN_IDENTITY = "Apple Development";
				CODE_SIGN_STYLE = Automatic;
				COMBINE_HIDPI_IMAGES = YES;
				DEVELOPMENT_ASSET_PATHS = "\"AWS Console/Preview Content\"";
				DEVELOPMENT_TEAM = 24M2C25H4J;
				ENABLE_HARDENED_RUNTIME = YES;
				ENABLE_PREVIEWS = YES;
				INFOPLIST_FILE = "AWS Console/Info.plist";
				LD_RUNPATH_SEARCH_PATHS = (
					"$(inherited)",
					"@executable_path/../Frameworks",
				);
				MACOSX_DEPLOYMENT_TARGET = 11.0;
				MARKETING_VERSION = 1.0.0;
				PRODUCT_BUNDLE_IDENTIFIER = "Anil-Karaka.AWS-Console";
				PRODUCT_NAME = "$(TARGET_NAME)";
				SWIFT_VERSION = 5.0;
			};
			name = Debug;
		};
		04F4C472265D3250006A3DDE /* Release */ = {
			isa = XCBuildConfiguration;
			buildSettings = {
				ASSETCATALOG_COMPILER_APPICON_NAME = AppIcon;
				ASSETCATALOG_COMPILER_GLOBAL_ACCENT_COLOR_NAME = AccentColor;
				CODE_SIGN_ENTITLEMENTS = "AWS Console/AWS_Console.entitlements";
				CODE_SIGN_IDENTITY = "Apple Development";
				CODE_SIGN_STYLE = Automatic;
				COMBINE_HIDPI_IMAGES = YES;
				DEVELOPMENT_ASSET_PATHS = "\"AWS Console/Preview Content\"";
				DEVELOPMENT_TEAM = 24M2C25H4J;
				ENABLE_HARDENED_RUNTIME = YES;
				ENABLE_PREVIEWS = YES;
				INFOPLIST_FILE = "AWS Console/Info.plist";
				LD_RUNPATH_SEARCH_PATHS = (
					"$(inherited)",
					"@executable_path/../Frameworks",
				);
				MACOSX_DEPLOYMENT_TARGET = 11.0;
				MARKETING_VERSION = 1.0.0;
				PRODUCT_BUNDLE_IDENTIFIER = "Anil-Karaka.AWS-Console";
				PRODUCT_NAME = "$(TARGET_NAME)";
				SWIFT_VERSION = 5.0;
			};
			name = Release;
		};
		04F4C474265D3250006A3DDE /* Debug */ = {
			isa = XCBuildConfiguration;
			buildSettings = {
				ALWAYS_EMBED_SWIFT_STANDARD_LIBRARIES = YES;
				BUNDLE_LOADER = "$(TEST_HOST)";
				CODE_SIGN_STYLE = Automatic;
				COMBINE_HIDPI_IMAGES = YES;
				INFOPLIST_FILE = "AWS ConsoleTests/Info.plist";
				LD_RUNPATH_SEARCH_PATHS = (
					"$(inherited)",
					"@executable_path/../Frameworks",
					"@loader_path/../Frameworks",
				);
				MACOSX_DEPLOYMENT_TARGET = 11.0;
				PRODUCT_BUNDLE_IDENTIFIER = "Anil-Karaka.AWS-ConsoleTests";
				PRODUCT_NAME = "$(TARGET_NAME)";
				SWIFT_VERSION = 5.0;
				TEST_HOST = "$(BUILT_PRODUCTS_DIR)/AWS Console.app/Contents/MacOS/AWS Console";
			};
			name = Debug;
		};
		04F4C475265D3250006A3DDE /* Release */ = {
			isa = XCBuildConfiguration;
			buildSettings = {
				ALWAYS_EMBED_SWIFT_STANDARD_LIBRARIES = YES;
				BUNDLE_LOADER = "$(TEST_HOST)";
				CODE_SIGN_STYLE = Automatic;
				COMBINE_HIDPI_IMAGES = YES;
				INFOPLIST_FILE = "AWS ConsoleTests/Info.plist";
				LD_RUNPATH_SEARCH_PATHS = (
					"$(inherited)",
					"@executable_path/../Frameworks",
					"@loader_path/../Frameworks",
				);
				MACOSX_DEPLOYMENT_TARGET = 11.0;
				PRODUCT_BUNDLE_IDENTIFIER = "Anil-Karaka.AWS-ConsoleTests";
				PRODUCT_NAME = "$(TARGET_NAME)";
				SWIFT_VERSION = 5.0;
				TEST_HOST = "$(BUILT_PRODUCTS_DIR)/AWS Console.app/Contents/MacOS/AWS Console";
			};
			name = Release;
		};
		04F4C477265D3250006A3DDE /* Debug */ = {
			isa = XCBuildConfiguration;
			buildSettings = {
				ALWAYS_EMBED_SWIFT_STANDARD_LIBRARIES = YES;
				CODE_SIGN_STYLE = Automatic;
				COMBINE_HIDPI_IMAGES = YES;
				INFOPLIST_FILE = "AWS ConsoleUITests/Info.plist";
				LD_RUNPATH_SEARCH_PATHS = (
					"$(inherited)",
					"@executable_path/../Frameworks",
					"@loader_path/../Frameworks",
				);
				PRODUCT_BUNDLE_IDENTIFIER = "Anil-Karaka.AWS-ConsoleUITests";
				PRODUCT_NAME = "$(TARGET_NAME)";
				SWIFT_VERSION = 5.0;
				TEST_TARGET_NAME = "AWS Console";
			};
			name = Debug;
		};
		04F4C478265D3250006A3DDE /* Release */ = {
			isa = XCBuildConfiguration;
			buildSettings = {
				ALWAYS_EMBED_SWIFT_STANDARD_LIBRARIES = YES;
				CODE_SIGN_STYLE = Automatic;
				COMBINE_HIDPI_IMAGES = YES;
				INFOPLIST_FILE = "AWS ConsoleUITests/Info.plist";
				LD_RUNPATH_SEARCH_PATHS = (
					"$(inherited)",
					"@executable_path/../Frameworks",
					"@loader_path/../Frameworks",
				);
				PRODUCT_BUNDLE_IDENTIFIER = "Anil-Karaka.AWS-ConsoleUITests";
				PRODUCT_NAME = "$(TARGET_NAME)";
				SWIFT_VERSION = 5.0;
				TEST_TARGET_NAME = "AWS Console";
			};
			name = Release;
		};
/* End XCBuildConfiguration section */

/* Begin XCConfigurationList section */
		04F4C445265D324C006A3DDE /* Build configuration list for PBXProject "AWS Console" */ = {
			isa = XCConfigurationList;
			buildConfigurations = (
				04F4C46E265D3250006A3DDE /* Debug */,
				04F4C46F265D3250006A3DDE /* Release */,
			);
			defaultConfigurationIsVisible = 0;
			defaultConfigurationName = Release;
		};
		04F4C470265D3250006A3DDE /* Build configuration list for PBXNativeTarget "AWS Console" */ = {
			isa = XCConfigurationList;
			buildConfigurations = (
				04F4C471265D3250006A3DDE /* Debug */,
				04F4C472265D3250006A3DDE /* Release */,
			);
			defaultConfigurationIsVisible = 0;
			defaultConfigurationName = Release;
		};
		04F4C473265D3250006A3DDE /* Build configuration list for PBXNativeTarget "AWS ConsoleTests" */ = {
			isa = XCConfigurationList;
			buildConfigurations = (
				04F4C474265D3250006A3DDE /* Debug */,
				04F4C475265D3250006A3DDE /* Release */,
			);
			defaultConfigurationIsVisible = 0;
			defaultConfigurationName = Release;
		};
		04F4C476265D3250006A3DDE /* Build configuration list for PBXNativeTarget "AWS ConsoleUITests" */ = {
			isa = XCConfigurationList;
			buildConfigurations = (
				04F4C477265D3250006A3DDE /* Debug */,
				04F4C478265D3250006A3DDE /* Release */,
			);
			defaultConfigurationIsVisible = 0;
			defaultConfigurationName = Release;
		};
/* End XCConfigurationList section */

/* Begin XCRemoteSwiftPackageReference section */
		0431004A2679FFC7002E132E /* XCRemoteSwiftPackageReference "soto-s3-file-transfer" */ = {
			isa = XCRemoteSwiftPackageReference;
			repositoryURL = "https://github.com/soto-project/soto-s3-file-transfer";
			requirement = {
				kind = upToNextMajorVersion;
				minimumVersion = 0.3.1;
			};
		};
		04F4C484265E2EC8006A3DDE /* XCRemoteSwiftPackageReference "soto" */ = {
			isa = XCRemoteSwiftPackageReference;
			repositoryURL = "https://github.com/soto-project/soto.git";
			requirement = {
				kind = upToNextMajorVersion;
				minimumVersion = 5.5.0;
			};
		};
/* End XCRemoteSwiftPackageReference section */

/* Begin XCSwiftPackageProductDependency section */
		0431004B2679FFC7002E132E /* SotoS3FileTransfer */ = {
			isa = XCSwiftPackageProductDependency;
			package = 0431004A2679FFC7002E132E /* XCRemoteSwiftPackageReference "soto-s3-file-transfer" */;
			productName = SotoS3FileTransfer;
		};
		04F4C485265E2EC8006A3DDE /* SotoS3 */ = {
			isa = XCSwiftPackageProductDependency;
			package = 04F4C484265E2EC8006A3DDE /* XCRemoteSwiftPackageReference "soto" */;
			productName = SotoS3;
		};
		04F4C487265E2EC8006A3DDE /* SotoEBS */ = {
			isa = XCSwiftPackageProductDependency;
			package = 04F4C484265E2EC8006A3DDE /* XCRemoteSwiftPackageReference "soto" */;
			productName = SotoEBS;
		};
		04F4C489265E2EC8006A3DDE /* SotoEC2 */ = {
			isa = XCSwiftPackageProductDependency;
			package = 04F4C484265E2EC8006A3DDE /* XCRemoteSwiftPackageReference "soto" */;
			productName = SotoEC2;
		};
		04F4C48B265E2EC8006A3DDE /* SotoPricing */ = {
			isa = XCSwiftPackageProductDependency;
			package = 04F4C484265E2EC8006A3DDE /* XCRemoteSwiftPackageReference "soto" */;
			productName = SotoPricing;
		};
/* End XCSwiftPackageProductDependency section */
	};
	rootObject = 04F4C442265D324C006A3DDE /* Project object */;
}
